// !$*UTF8*$!
{
	archiveVersion = 1;
	classes = {
	};
	objectVersion = 48;
	objects = {

/* Begin PBXBuildFile section */
		BCB5FA9F203A0078007FE790 /* AppDelegate.swift in Sources */ = {isa = PBXBuildFile; fileRef = BCB5FA9E203A0078007FE790 /* AppDelegate.swift */; };
		BCB5FAA1203A0078007FE790 /* ViewController.swift in Sources */ = {isa = PBXBuildFile; fileRef = BCB5FAA0203A0078007FE790 /* ViewController.swift */; };
		BCB5FAA4203A0078007FE790 /* Main.storyboard in Resources */ = {isa = PBXBuildFile; fileRef = BCB5FAA2203A0078007FE790 /* Main.storyboard */; };
		BCB5FAA6203A0078007FE790 /* Assets.xcassets in Resources */ = {isa = PBXBuildFile; fileRef = BCB5FAA5203A0078007FE790 /* Assets.xcassets */; };
		BCB5FAA9203A0078007FE790 /* LaunchScreen.storyboard in Resources */ = {isa = PBXBuildFile; fileRef = BCB5FAA7203A0078007FE790 /* LaunchScreen.storyboard */; };
		BCB5FAB1203A00AD007FE790 /* Temperature.swift in Sources */ = {isa = PBXBuildFile; fileRef = BCB5FAB0203A00AD007FE790 /* Temperature.swift */; };
/* End PBXBuildFile section */

/* Begin PBXFileReference section */
		BCB5FA9B203A0078007FE790 /* SwiftObserverDemo.app */ = {isa = PBXFileReference; explicitFileType = wrapper.application; includeInIndex = 0; path = SwiftObserverDemo.app; sourceTree = BUILT_PRODUCTS_DIR; };
		BCB5FA9E203A0078007FE790 /* AppDelegate.swift */ = {isa = PBXFileReference; lastKnownFileType = sourcecode.swift; path = AppDelegate.swift; sourceTree = "<group>"; };
		BCB5FAA0203A0078007FE790 /* ViewController.swift */ = {isa = PBXFileReference; lastKnownFileType = sourcecode.swift; path = ViewController.swift; sourceTree = "<group>"; };
		BCB5FAA3203A0078007FE790 /* Base */ = {isa = PBXFileReference; lastKnownFileType = file.storyboard; name = Base; path = Base.lproj/Main.storyboard; sourceTree = "<group>"; };
		BCB5FAA5203A0078007FE790 /* Assets.xcassets */ = {isa = PBXFileReference; lastKnownFileType = folder.assetcatalog; path = Assets.xcassets; sourceTree = "<group>"; };
		BCB5FAA8203A0078007FE790 /* Base */ = {isa = PBXFileReference; lastKnownFileType = file.storyboard; name = Base; path = Base.lproj/LaunchScreen.storyboard; sourceTree = "<group>"; };
		BCB5FAAA203A0078007FE790 /* Info.plist */ = {isa = PBXFileReference; lastKnownFileType = text.plist.xml; path = Info.plist; sourceTree = "<group>"; };
		BCB5FAB0203A00AD007FE790 /* Temperature.swift */ = {isa = PBXFileReference; lastKnownFileType = sourcecode.swift; path = Temperature.swift; sourceTree = "<group>"; };
/* End PBXFileReference section */

/* Begin PBXFrameworksBuildPhase section */
		BCB5FA98203A0078007FE790 /* Frameworks */ = {
			isa = PBXFrameworksBuildPhase;
			buildActionMask = 2147483647;
			files = (
			);
			runOnlyForDeploymentPostprocessing = 0;
		};
/* End PBXFrameworksBuildPhase section */

/* Begin PBXGroup section */
		BCB5FA92203A0078007FE790 = {
			isa = PBXGroup;
			children = (
				BCB5FA9D203A0078007FE790 /* SwiftObserverDemo */,
				BCB5FA9C203A0078007FE790 /* Products */,
			);
			sourceTree = "<group>";
		};
		BCB5FA9C203A0078007FE790 /* Products */ = {
			isa = PBXGroup;
			children = (
				BCB5FA9B203A0078007FE790 /* SwiftObserverDemo.app */,
			);
			name = Products;
			sourceTree = "<group>";
		};
		BCB5FA9D203A0078007FE790 /* SwiftObserverDemo */ = {
			isa = PBXGroup;
			children = (
				BCB5FA9E203A0078007FE790 /* AppDelegate.swift */,
				BCB5FAA0203A0078007FE790 /* ViewController.swift */,
				BCB5FAB0203A00AD007FE790 /* Temperature.swift */,
				BCB5FAA2203A0078007FE790 /* Main.storyboard */,
				BCB5FAA5203A0078007FE790 /* Assets.xcassets */,
				BCB5FAA7203A0078007FE790 /* LaunchScreen.storyboard */,
				BCB5FAAA203A0078007FE790 /* Info.plist */,
			);
			path = SwiftObserverDemo;
			sourceTree = "<group>";
		};
/* End PBXGroup section */

/* Begin PBXNativeTarget section */
		BCB5FA9A203A0078007FE790 /* SwiftObserverDemo */ = {
			isa = PBXNativeTarget;
			buildConfigurationList = BCB5FAAD203A0078007FE790 /* Build configuration list for PBXNativeTarget "SwiftObserverDemo" */;
			buildPhases = (
				BCB5FA97203A0078007FE790 /* Sources */,
				BCB5FA98203A0078007FE790 /* Frameworks */,
				BCB5FA99203A0078007FE790 /* Resources */,
			);
			buildRules = (
			);
			dependencies = (
			);
			name = SwiftObserverDemo;
			productName = SwiftObserverDemo;
			productReference = BCB5FA9B203A0078007FE790 /* SwiftObserverDemo.app */;
			productType = "com.apple.product-type.application";
		};
/* End PBXNativeTarget section */

/* Begin PBXProject section */
		BCB5FA93203A0078007FE790 /* Project object */ = {
			isa = PBXProject;
			attributes = {
				LastSwiftUpdateCheck = 0900;
				LastUpgradeCheck = 0900;
				ORGANIZATIONNAME = "Software Testing";
				TargetAttributes = {
					BCB5FA9A203A0078007FE790 = {
						CreatedOnToolsVersion = 9.0;
						ProvisioningStyle = Automatic;
					};
				};
			};
			buildConfigurationList = BCB5FA96203A0078007FE790 /* Build configuration list for PBXProject "SwiftObserverDemo" */;
			compatibilityVersion = "Xcode 8.0";
			developmentRegion = en;
			hasScannedForEncodings = 0;
			knownRegions = (
				en,
				Base,
			);
			mainGroup = BCB5FA92203A0078007FE790;
			productRefGroup = BCB5FA9C203A0078007FE790 /* Products */;
			projectDirPath = "";
			projectRoot = "";
			targets = (
				BCB5FA9A203A0078007FE790 /* SwiftObserverDemo */,
			);
		};
/* End PBXProject section */

/* Begin PBXResourcesBuildPhase section */
		BCB5FA99203A0078007FE790 /* Resources */ = {
			isa = PBXResourcesBuildPhase;
			buildActionMask = 2147483647;
			files = (
				BCB5FAA9203A0078007FE790 /* LaunchScreen.storyboard in Resources */,
				BCB5FAA6203A0078007FE790 /* Assets.xcassets in Resources */,
				BCB5FAA4203A0078007FE790 /* Main.storyboard in Resources */,
			);
			runOnlyForDeploymentPostprocessing = 0;
		};
/* End PBXResourcesBuildPhase section */

/* Begin PBXSourcesBuildPhase section */
		BCB5FA97203A0078007FE790 /* Sources */ = {
			isa = PBXSourcesBuildPhase;
			buildActionMask = 2147483647;
			files = (
				BCB5FAA1203A0078007FE790 /* ViewController.swift in Sources */,
				BCB5FA9F203A0078007FE790 /* AppDelegate.swift in Sources */,
				BCB5FAB1203A00AD007FE790 /* Temperature.swift in Sources */,
			);
			runOnlyForDeploymentPostprocessing = 0;
		};
/* End PBXSourcesBuildPhase section */

/* Begin PBXVariantGroup section */
		BCB5FAA2203A0078007FE790 /* Main.storyboard */ = {
			isa = PBXVariantGroup;
			children = (
				BCB5FAA3203A0078007FE790 /* Base */,
			);
			name = Main.storyboard;
			sourceTree = "<group>";
		};
		BCB5FAA7203A0078007FE790 /* LaunchScreen.storyboard */ = {
			isa = PBXVariantGroup;
			children = (
				BCB5FAA8203A0078007FE790 /* Base */,
			);
			name = LaunchScreen.storyboard;
			sourceTree = "<group>";
		};
/* End PBXVariantGroup section */

/* Begin XCBuildConfiguration section */
		BCB5FAAB203A0078007FE790 /* Debug */ = {
			isa = XCBuildConfiguration;
			buildSettings = {
				ALWAYS_SEARCH_USER_PATHS = NO;
				CLANG_ANALYZER_NONNULL = YES;
				CLANG_ANALYZER_NUMBER_OBJECT_CONVERSION = YES_AGGRESSIVE;
				CLANG_CXX_LANGUAGE_STANDARD = "gnu++14";
				CLANG_CXX_LIBRARY = "libc++";
				CLANG_ENABLE_MODULES = YES;
				CLANG_ENABLE_OBJC_ARC = YES;
				CLANG_WARN_BLOCK_CAPTURE_AUTORELEASING = YES;
				CLANG_WARN_BOOL_CONVERSION = YES;
				CLANG_WARN_COMMA = YES;
				CLANG_WARN_CONSTANT_CONVERSION = YES;
				CLANG_WARN_DIRECT_OBJC_ISA_USAGE = YES_ERROR;
				CLANG_WARN_DOCUMENTATION_COMMENTS = YES;
				CLANG_WARN_EMPTY_BODY = YES;
				CLANG_WARN_ENUM_CONVERSION = YES;
				CLANG_WARN_INFINITE_RECURSION = YES;
				CLANG_WARN_INT_CONVERSION = YES;
				CLANG_WARN_NON_LITERAL_NULL_CONVERSION = YES;
				CLANG_WARN_OBJC_LITERAL_CONVERSION = YES;
				CLANG_WARN_OBJC_ROOT_CLASS = YES_ERROR;
				CLANG_WARN_RANGE_LOOP_ANALYSIS = YES;
				CLANG_WARN_STRICT_PROTOTYPES = YES;
				CLANG_WARN_SUSPICIOUS_MOVE = YES;
				CLANG_WARN_UNGUARDED_AVAILABILITY = YES_AGGRESSIVE;
				CLANG_WARN_UNREACHABLE_CODE = YES;
				CLANG_WARN__DUPLICATE_METHOD_MATCH = YES;
				CODE_SIGN_IDENTITY = "iPhone Developer";
				COPY_PHASE_STRIP = NO;
				DEBUG_INFORMATION_FORMAT = dwarf;
				ENABLE_STRICT_OBJC_MSGSEND = YES;
				ENABLE_TESTABILITY = YES;
				GCC_C_LANGUAGE_STANDARD = gnu11;
				GCC_DYNAMIC_NO_PIC = NO;
				GCC_NO_COMMON_BLOCKS = YES;
				GCC_OPTIMIZATION_LEVEL = 0;
				GCC_PREPROCESSOR_DEFINITIONS = (
					"DEBUG=1",
					"$(inherited)",
				);
				GCC_WARN_64_TO_32_BIT_CONVERSION = YES;
				GCC_WARN_ABOUT_RETURN_TYPE = YES_ERROR;
				GCC_WARN_UNDECLARED_SELECTOR = YES;
				GCC_WARN_UNINITIALIZED_AUTOS = YES_AGGRESSIVE;
				GCC_WARN_UNUSED_FUNCTION = YES;
				GCC_WARN_UNUSED_VARIABLE = YES;
				IPHONEOS_DEPLOYMENT_TARGET = 11.0;
				MTL_ENABLE_DEBUG_INFO = YES;
				ONLY_ACTIVE_ARCH = YES;
				SDKROOT = iphoneos;
				SWIFT_ACTIVE_COMPILATION_CONDITIONS = DEBUG;
				SWIFT_OPTIMIZATION_LEVEL = "-Onone";
			};
			name = Debug;
		};
		BCB5FAAC203A0078007FE790 /* Release */ = {
			isa = XCBuildConfiguration;
			buildSettings = {
				ALWAYS_SEARCH_USER_PATHS = NO;
				CLANG_ANALYZER_NONNULL = YES;
				CLANG_ANALYZER_NUMBER_OBJECT_CONVERSION = YES_AGGRESSIVE;
				CLANG_CXX_LANGUAGE_STANDARD = "gnu++14";
				CLANG_CXX_LIBRARY = "libc++";
				CLANG_ENABLE_MODULES = YES;
				CLANG_ENABLE_OBJC_ARC = YES;
				CLANG_WARN_BLOCK_CAPTURE_AUTORELEASING = YES;
				CLANG_WARN_BOOL_CONVERSION = YES;
				CLANG_WARN_COMMA = YES;
				CLANG_WARN_CONSTANT_CONVERSION = YES;
				CLANG_WARN_DIRECT_OBJC_ISA_USAGE = YES_ERROR;
				CLANG_WARN_DOCUMENTATION_COMMENTS = YES;
				CLANG_WARN_EMPTY_BODY = YES;
				CLANG_WARN_ENUM_CONVERSION = YES;
				CLANG_WARN_INFINITE_RECURSION = YES;
				CLANG_WARN_INT_CONVERSION = YES;
				CLANG_WARN_NON_LITERAL_NULL_CONVERSION = YES;
				CLANG_WARN_OBJC_LITERAL_CONVERSION = YES;
				CLANG_WARN_OBJC_ROOT_CLASS = YES_ERROR;
				CLANG_WARN_RANGE_LOOP_ANALYSIS = YES;
				CLANG_WARN_STRICT_PROTOTYPES = YES;
				CLANG_WARN_SUSPICIOUS_MOVE = YES;
				CLANG_WARN_UNGUARDED_AVAILABILITY = YES_AGGRESSIVE;
				CLANG_WARN_UNREACHABLE_CODE = YES;
				CLANG_WARN__DUPLICATE_METHOD_MATCH = YES;
				CODE_SIGN_IDENTITY = "iPhone Developer";
				COPY_PHASE_STRIP = NO;
				DEBUG_INFORMATION_FORMAT = "dwarf-with-dsym";
				ENABLE_NS_ASSERTIONS = NO;
				ENABLE_STRICT_OBJC_MSGSEND = YES;
				GCC_C_LANGUAGE_STANDARD = gnu11;
				GCC_NO_COMMON_BLOCKS = YES;
				GCC_WARN_64_TO_32_BIT_CONVERSION = YES;
				GCC_WARN_ABOUT_RETURN_TYPE = YES_ERROR;
				GCC_WARN_UNDECLARED_SELECTOR = YES;
				GCC_WARN_UNINITIALIZED_AUTOS = YES_AGGRESSIVE;
				GCC_WARN_UNUSED_FUNCTION = YES;
				GCC_WARN_UNUSED_VARIABLE = YES;
				IPHONEOS_DEPLOYMENT_TARGET = 11.0;
				MTL_ENABLE_DEBUG_INFO = NO;
				SDKROOT = iphoneos;
				SWIFT_OPTIMIZATION_LEVEL = "-Owholemodule";
				VALIDATE_PRODUCT = YES;
			};
			name = Release;
		};
		BCB5FAAE203A0078007FE790 /* Debug */ = {
			isa = XCBuildConfiguration;
			buildSettings = {
				ASSETCATALOG_COMPILER_APPICON_NAME = AppIcon;
				CODE_SIGN_STYLE = Automatic;
				DEVELOPMENT_TEAM = "";
				INFOPLIST_FILE = SwiftObserverDemo/Info.plist;
				LD_RUNPATH_SEARCH_PATHS = "$(inherited) @executable_path/Frameworks";
				PRODUCT_BUNDLE_IDENTIFIER = com.yourDomain.SwiftObserverDemo;
				PRODUCT_NAME = "$(TARGET_NAME)";
				SWIFT_VERSION = 4.0;
				TARGETED_DEVICE_FAMILY = "1,2";
			};
			name = Debug;
		};
		BCB5FAAF203A0078007FE790 /* Release */ = {
			isa = XCBuildConfiguration;
			buildSettings = {
				ASSETCATALOG_COMPILER_APPICON_NAME = AppIcon;
				CODE_SIGN_STYLE = Automatic;
				DEVELOPMENT_TEAM = "";
				INFOPLIST_FILE = SwiftObserverDemo/Info.plist;
				LD_RUNPATH_SEARCH_PATHS = "$(inherited) @executable_path/Frameworks";
				PRODUCT_BUNDLE_IDENTIFIER = com.yourDomain.SwiftObserverDemo;
				PRODUCT_NAME = "$(TARGET_NAME)";
				SWIFT_VERSION = 4.0;
				TARGETED_DEVICE_FAMILY = "1,2";
			};
			name = Release;
		};
/* End XCBuildConfiguration section */

/* Begin XCConfigurationList section */
		BCB5FA96203A0078007FE790 /* Build configuration list for PBXProject "SwiftObserverDemo" */ = {
			isa = XCConfigurationList;
			buildConfigurations = (
				BCB5FAAB203A0078007FE790 /* Debug */,
				BCB5FAAC203A0078007FE790 /* Release */,
			);
			defaultConfigurationIsVisible = 0;
			defaultConfigurationName = Release;
		};
		BCB5FAAD203A0078007FE790 /* Build configuration list for PBXNativeTarget "SwiftObserverDemo" */ = {
			isa = XCConfigurationList;
			buildConfigurations = (
				BCB5FAAE203A0078007FE790 /* Debug */,
				BCB5FAAF203A0078007FE790 /* Release */,
			);
			defaultConfigurationIsVisible = 0;
			defaultConfigurationName = Release;
		};
/* End XCConfigurationList section */
	};
	rootObject = BCB5FA93203A0078007FE790 /* Project object */;
}
